
Microsoft Visual Studio Solution File, Format Version 12.00
# Visual Studio Version 16
VisualStudioVersion = 16.0.29306.81
MinimumVisualStudioVersion = 10.0.40219.1
Project("{FAE04EC0-301F-11D3-BF4B-00C04F79EFBC}") = "SeleniumPageObject", "SeleniumPageObject\SeleniumPageObject.csproj", "{F6A93E7F-53FF-4AF2-A5C6-5093B628A663}"
EndProject
Project("{FAE04EC0-301F-11D3-BF4B-00C04F79EFBC}") = "UltimatixWebApp", "UltimatixWebApp\UltimatixWebApp.csproj", "{6054FA0C-8ABD-48D2-BB01-8638D4A3302B}"
EndProject
Global
	GlobalSection(SolutionConfigurationPlatforms) = preSolution
		Debug|Any CPU = Debug|Any CPU
		Release|Any CPU = Release|Any CPU
	EndGlobalSection
	GlobalSection(ProjectConfigurationPlatforms) = postSolution
		{F6A93E7F-53FF-4AF2-A5C6-5093B628A663}.Debug|Any CPU.ActiveCfg = Debug|Any CPU
		{F6A93E7F-53FF-4AF2-A5C6-5093B628A663}.Debug|Any CPU.Build.0 = Debug|Any CPU
		{F6A93E7F-53FF-4AF2-A5C6-5093B628A663}.Release|Any CPU.ActiveCfg = Release|Any CPU
		{F6A93E7F-53FF-4AF2-A5C6-5093B628A663}.Release|Any CPU.Build.0 = Release|Any CPU
		{6054FA0C-8ABD-48D2-BB01-8638D4A3302B}.Debug|Any CPU.ActiveCfg = Debug|Any CPU
		{6054FA0C-8ABD-48D2-BB01-8638D4A3302B}.Debug|Any CPU.Build.0 = Debug|Any CPU
		{6054FA0C-8ABD-48D2-BB01-8638D4A3302B}.Release|Any CPU.ActiveCfg = Release|Any CPU
		{6054FA0C-8ABD-48D2-BB01-8638D4A3302B}.Release|Any CPU.Build.0 = Release|Any CPU
	EndGlobalSection
	GlobalSection(SolutionProperties) = preSolution
		HideSolutionNode = FALSE
	EndGlobalSection
	GlobalSection(ExtensibilityGlobals) = postSolution
		SolutionGuid = {C5E281FD-A5DA-435B-ADDF-69E8AA130D8A}
	EndGlobalSection
EndGlobal
